# This file is automatically @generated by Cargo.
# It is not intended for manual editing.
[[package]]
name = "lazy_static"
version = "1.4.0"
source = "registry+https://github.com/rust-lang/crates.io-index"
checksum = "e2abad23fbc42b3700f2f279844dc832adb2b2eb069b2df918f455c4e18cc646"

[[package]]
name = "libc"
version = "0.2.98"
source = "registry+https://github.com/rust-lang/crates.io-index"
checksum = "320cfe77175da3a483efed4bc0adc1968ca050b098ce4f2f1c13a56626128790"

[[package]]
name = "np_freetype_sys"
version = "0.0.0"

[[package]]
name = "np_graphics"
version = "0.0.0"

[[package]]
name = "np_init"
version = "0.0.0"
dependencies = [
 "libc",
 "np_unix",
]

[[package]]
name = "np_shell"
version = "0.0.0"
dependencies = [
 "libc",
 "np_graphics",
 "np_text",
 "np_unix",
]

[[package]]
name = "np_text"
version = "0.0.0"
dependencies = [
 "lazy_static",
 "np_freetype_sys",
 "np_graphics",
]

[[package]]
name = "np_unix"
version = "0.0.0"
dependencies = [
 "libc",
]
